{
  "name": "@vetapp/server",
  "version": "1.0.0",
  "lockfileVersion": 1,
  "requires": true,
  "dependencies": {
    "@types/node": {
      "version": "14.0.24",
      "resolved": "https://registry.npmjs.org/@types/node/-/node-14.0.24.tgz",
      "integrity": "sha512-btt/oNOiDWcSuI721MdL8VQGnjsKjlTMdrKyTcLCKeQp/n4AAMFJ961wMbp+09y8WuGPClDEv07RIItdXKIXAA=="
    },
    "@types/pg": {
      "version": "7.14.4",
      "resolved": "https://registry.npmjs.org/@types/pg/-/pg-7.14.4.tgz",
      "integrity": "sha512-yCKVMCcFPZSFHGg+8qjY368uf3ruyDBPjxvOU2ZcGa/vRFo5Ti5Y6z6vl+2hxtwm9VMWUGb6TWkIk3cIV8C0Cw==",
      "requires": {
        "@types/node": "*",
        "@types/pg-types": "*"
      }
    },
    "@types/pg-types": {
      "version": "1.11.5",
      "resolved": "https://registry.npmjs.org/@types/pg-types/-/pg-types-1.11.5.tgz",
      "integrity": "sha512-L8ogeT6vDzT1vxlW3KITTCt+BVXXVkLXfZ/XNm6UqbcJgxf+KPO7yjWx7dQQE8RW07KopL10x2gNMs41+IkMGQ=="
    }
  }
}
